
Microsoft Visual Studio Solution File, Format Version 12.00
# Visual Studio Version 17
VisualStudioVersion = 17.0.31903.59
MinimumVisualStudioVersion = 10.0.40219.1
Project("{FAE04EC0-301F-11D3-BF4B-00C04F79EFBC}") = "DevProject", "DevProject\DevProject.csproj", "{D810F8E1-BA82-4EA0-9C44-8548E2771E6A}"
EndProject
Project("{FAE04EC0-301F-11D3-BF4B-00C04F79EFBC}") = "DevProject.Tests", "DevProject.Tests\DevProject.Tests.csproj", "{2F519492-2FE5-427A-83EC-14A918DAC2F9}"
EndProject
Global
	GlobalSection(SolutionConfigurationPlatforms) = preSolution
		Debug|Any CPU = Debug|Any CPU
		Release|Any CPU = Release|Any CPU
	EndGlobalSection
	GlobalSection(SolutionProperties) = preSolution
		HideSolutionNode = FALSE
	EndGlobalSection
	GlobalSection(ProjectConfigurationPlatforms) = postSolution
		{D810F8E1-BA82-4EA0-9C44-8548E2771E6A}.Debug|Any CPU.ActiveCfg = Debug|Any CPU
		{D810F8E1-BA82-4EA0-9C44-8548E2771E6A}.Debug|Any CPU.Build.0 = Debug|Any CPU
		{D810F8E1-BA82-4EA0-9C44-8548E2771E6A}.Release|Any CPU.ActiveCfg = Release|Any CPU
		{D810F8E1-BA82-4EA0-9C44-8548E2771E6A}.Release|Any CPU.Build.0 = Release|Any CPU
		{2F519492-2FE5-427A-83EC-14A918DAC2F9}.Debug|Any CPU.ActiveCfg = Debug|Any CPU
		{2F519492-2FE5-427A-83EC-14A918DAC2F9}.Debug|Any CPU.Build.0 = Debug|Any CPU
		{2F519492-2FE5-427A-83EC-14A918DAC2F9}.Release|Any CPU.ActiveCfg = Release|Any CPU
		{2F519492-2FE5-427A-83EC-14A918DAC2F9}.Release|Any CPU.Build.0 = Release|Any CPU
	EndGlobalSection
EndGlobal
